// !$*UTF8*$!
{
	archiveVersion = 1;
	classes = {
	};
	objectVersion = 77;
	objects = {

/* Begin PBXBuildFile section */
		B7F002CC2F7A765600A9FD69 /* VPNMierukunFeature in Frameworks */ = {isa = PBXBuildFile; productRef = B7F002CB2F7A765600A9FD69 /* VPNMierukunFeature */; };
/* End PBXBuildFile section */

/* Begin PBXFileReference section */
		B7F002C92F7A761800A9FD69 /* LocalPackage */ = {isa = PBXFileReference; lastKnownFileType = wrapper; path = LocalPackage; sourceTree = "<group>"; };
		E95189DFDE90A7A2C6552E08 /* VPN-Mierukun.app */ = {isa = PBXFileReference; explicitFileType = wrapper.application; includeInIndex = 0; path = "VPN-Mierukun.app"; sourceTree = BUILT_PRODUCTS_DIR; };
/* End PBXFileReference section */

/* Begin PBXFileSystemSynchronizedRootGroup section */
		49D6EE2E7577CE5A9CBD1512 /* VPNMierukunApp */ = {
			isa = PBXFileSystemSynchronizedRootGroup;
			path = VPNMierukunApp;
			sourceTree = "<group>";
		};
/* End PBXFileSystemSynchronizedRootGroup section */

/* Begin PBXFrameworksBuildPhase section */
		5FE1A8A0168CF7B26A585B56 /* Frameworks */ = {
			isa = PBXFrameworksBuildPhase;
			buildActionMask = 2147483647;
			files = (
				B7F002CC2F7A765600A9FD69 /* VPNMierukunFeature in Frameworks */,
			);
			runOnlyForDeploymentPostprocessing = 0;
		};
/* End PBXFrameworksBuildPhase section */

/* Begin PBXGroup section */
		66C36C8645B6C74A287FCF35 = {
			isa = PBXGroup;
			children = (
				B7F002C92F7A761800A9FD69 /* LocalPackage */,
				49D6EE2E7577CE5A9CBD1512 /* VPNMierukunApp */,
				B7F002CA2F7A765200A9FD69 /* Frameworks */,
				C82D1DE1E5148D8063C8CFFA /* Products */,
			);
			sourceTree = "<group>";
		};
		B7F002CA2F7A765200A9FD69 /* Frameworks */ = {
			isa = PBXGroup;
			children = (
			);
			name = Frameworks;
			sourceTree = "<group>";
		};
		C82D1DE1E5148D8063C8CFFA /* Products */ = {
			isa = PBXGroup;
			children = (
				E95189DFDE90A7A2C6552E08 /* VPN-Mierukun.app */,
			);
			name = Products;
			sourceTree = "<group>";
		};
/* End PBXGroup section */

/* Begin PBXNativeTarget section */
		EADDD2DC75B400F95FE6293F /* VPN-Mierukun */ = {
			isa = PBXNativeTarget;
			buildConfigurationList = E2D50E81CAA1CA68A0EB9986 /* Build configuration list for PBXNativeTarget "VPN-Mierukun" */;
			buildPhases = (
				0315018F09809E3255A0F431 /* Sources */,
				174366E9B17C2DB759C5C9C3 /* Resources */,
				5FE1A8A0168CF7B26A585B56 /* Frameworks */,
			);
			buildRules = (
			);
			dependencies = (
			);
			fileSystemSynchronizedGroups = (
				49D6EE2E7577CE5A9CBD1512 /* VPNMierukunApp */,
			);
			name = "VPN-Mierukun";
			packageProductDependencies = (
				B7F002CB2F7A765600A9FD69 /* VPNMierukunFeature */,
			);
			productName = "VPN-Mierukun";
			productReference = E95189DFDE90A7A2C6552E08 /* VPN-Mierukun.app */;
			productType = "com.apple.product-type.application";
		};
/* End PBXNativeTarget section */

/* Begin PBXProject section */
		F688698A06D1FB85B74BB248 /* Project object */ = {
			isa = PBXProject;
			attributes = {
				BuildIndependentTargetsInParallel = YES;
				LastUpgradeCheck = 2630;
			};
			buildConfigurationList = 17D69BD5DD9B2174D6872831 /* Build configuration list for PBXProject "VPN-Mierukun" */;
			developmentRegion = en;
			hasScannedForEncodings = 0;
			knownRegions = (
				Base,
				en,
			);
			mainGroup = 66C36C8645B6C74A287FCF35;
			minimizedProjectReferenceProxies = 1;
			packageReferences = (
			);
			preferredProjectObjectVersion = 77;
			productRefGroup = C82D1DE1E5148D8063C8CFFA /* Products */;
			projectDirPath = "";
			projectRoot = "";
			targets = (
				EADDD2DC75B400F95FE6293F /* VPN-Mierukun */,
			);
		};
/* End PBXProject section */

/* Begin PBXResourcesBuildPhase section */
		174366E9B17C2DB759C5C9C3 /* Resources */ = {
			isa = PBXResourcesBuildPhase;
			buildActionMask = 2147483647;
			files = (
			);
			runOnlyForDeploymentPostprocessing = 0;
		};
/* End PBXResourcesBuildPhase section */

/* Begin PBXSourcesBuildPhase section */
		0315018F09809E3255A0F431 /* Sources */ = {
			isa = PBXSourcesBuildPhase;
			buildActionMask = 2147483647;
			files = (
			);
			runOnlyForDeploymentPostprocessing = 0;
		};
/* End PBXSourcesBuildPhase section */

/* Begin XCBuildConfiguration section */
		8AE2C7A1F5A69D49CB9E33E2 /* Debug */ = {
			isa = XCBuildConfiguration;
			buildSettings = {
				ALWAYS_SEARCH_USER_PATHS = NO;
				CLANG_ANALYZER_NONNULL = YES;
				CLANG_ANALYZER_NUMBER_OBJECT_CONVERSION = YES_AGGRESSIVE;
				CLANG_CXX_LANGUAGE_STANDARD = "gnu++14";
				CLANG_CXX_LIBRARY = "libc++";
				CLANG_ENABLE_MODULES = YES;
				CLANG_ENABLE_OBJC_ARC = YES;
				CLANG_ENABLE_OBJC_WEAK = YES;
				CLANG_WARN_BLOCK_CAPTURE_AUTORELEASING = YES;
				CLANG_WARN_BOOL_CONVERSION = YES;
				CLANG_WARN_COMMA = YES;
				CLANG_WARN_CONSTANT_CONVERSION = YES;
				CLANG_WARN_DEPRECATED_OBJC_IMPLEMENTATIONS = YES;
				CLANG_WARN_DIRECT_OBJC_ISA_USAGE = YES_ERROR;
				CLANG_WARN_DOCUMENTATION_COMMENTS = YES;
				CLANG_WARN_EMPTY_BODY = YES;
				CLANG_WARN_ENUM_CONVERSION = YES;
				CLANG_WARN_INFINITE_RECURSION = YES;
				CLANG_WARN_INT_CONVERSION = YES;
				CLANG_WARN_NON_LITERAL_NULL_CONVERSION = YES;
				CLANG_WARN_OBJC_IMPLICIT_RETAIN_SELF = YES;
				CLANG_WARN_OBJC_LITERAL_CONVERSION = YES;
				CLANG_WARN_OBJC_ROOT_CLASS = YES_ERROR;
				CLANG_WARN_QUOTED_INCLUDE_IN_FRAMEWORK_HEADER = YES;
				CLANG_WARN_RANGE_LOOP_ANALYSIS = YES;
				CLANG_WARN_STRICT_PROTOTYPES = YES;
				CLANG_WARN_SUSPICIOUS_MOVE = YES;
				CLANG_WARN_UNGUARDED_AVAILABILITY = YES_AGGRESSIVE;
				CLANG_WARN_UNREACHABLE_CODE = YES;
				CLANG_WARN__DUPLICATE_METHOD_MATCH = YES;
				COPY_PHASE_STRIP = NO;
				DEAD_CODE_STRIPPING = YES;
				DEBUG_INFORMATION_FORMAT = dwarf;
				ENABLE_STRICT_OBJC_MSGSEND = YES;
				ENABLE_TESTABILITY = YES;
				ENABLE_USER_SCRIPT_SANDBOXING = YES;
				GCC_C_LANGUAGE_STANDARD = gnu11;
				GCC_DYNAMIC_NO_PIC = NO;
				GCC_NO_COMMON_BLOCKS = YES;
				GCC_OPTIMIZATION_LEVEL = 0;
				GCC_PREPROCESSOR_DEFINITIONS = (
					"$(inherited)",
					"DEBUG=1",
				);
				GCC_WARN_64_TO_32_BIT_CONVERSION = YES;
				GCC_WARN_ABOUT_RETURN_TYPE = YES_ERROR;
				GCC_WARN_UNDECLARED_SELECTOR = YES;
				GCC_WARN_UNINITIALIZED_AUTOS = YES_AGGRESSIVE;
				GCC_WARN_UNUSED_FUNCTION = YES;
				GCC_WARN_UNUSED_VARIABLE = YES;
				MTL_ENABLE_DEBUG_INFO = INCLUDE_SOURCE;
				MTL_FAST_MATH = YES;
				ONLY_ACTIVE_ARCH = YES;
				PRODUCT_NAME = "$(TARGET_NAME)";
				SDKROOT = macosx;
				STRING_CATALOG_GENERATE_SYMBOLS = YES;
				SWIFT_ACTIVE_COMPILATION_CONDITIONS = DEBUG;
				SWIFT_OPTIMIZATION_LEVEL = "-Onone";
				SWIFT_VERSION = 5.1;
			};
			name = Debug;
		};
		A85CC0D119AFCCEE2D236432 /* Release */ = {
			isa = XCBuildConfiguration;
				buildSettings = {
					ASSETCATALOG_COMPILER_APPICON_NAME = AppIcon;
					CODE_SIGNING_ALLOWED = NO;
					COMBINE_HIDPI_IMAGES = YES;
					CURRENT_PROJECT_VERSION = 2;
					DEAD_CODE_STRIPPING = YES;
					GENERATE_INFOPLIST_FILE = YES;
					INFOPLIST_KEY_CFBundleDisplayName = "VPN-Mierukun";
					INFOPLIST_KEY_CFBundleShortVersionString = "$(MARKETING_VERSION)";
					INFOPLIST_KEY_CFBundleVersion = "$(CURRENT_PROJECT_VERSION)";
					INFOPLIST_KEY_LSUIElement = YES;
					LD_RUNPATH_SEARCH_PATHS = (
						"$(inherited)",
						"@executable_path/../Frameworks",
					);
					MACOSX_DEPLOYMENT_TARGET = 14.0;
					MARKETING_VERSION = 0.1.1;
					PRODUCT_BUNDLE_IDENTIFIER = "com.shsw228.vpn-mierukun";
					PRODUCT_NAME = "VPN-Mierukun";
					SDKROOT = macosx;
					VERSIONING_SYSTEM = "apple-generic";
				};
				name = Release;
			};
		C44EA92FF87F89FDB55EBF80 /* Debug */ = {
			isa = XCBuildConfiguration;
				buildSettings = {
					ASSETCATALOG_COMPILER_APPICON_NAME = AppIcon;
					CODE_SIGNING_ALLOWED = NO;
					COMBINE_HIDPI_IMAGES = YES;
					CURRENT_PROJECT_VERSION = 2;
					DEAD_CODE_STRIPPING = YES;
					GENERATE_INFOPLIST_FILE = YES;
					INFOPLIST_KEY_CFBundleDisplayName = "VPN-Mierukun";
					INFOPLIST_KEY_CFBundleShortVersionString = "$(MARKETING_VERSION)";
					INFOPLIST_KEY_CFBundleVersion = "$(CURRENT_PROJECT_VERSION)";
					INFOPLIST_KEY_LSUIElement = YES;
					LD_RUNPATH_SEARCH_PATHS = (
						"$(inherited)",
						"@executable_path/../Frameworks",
					);
					MACOSX_DEPLOYMENT_TARGET = 14.0;
					MARKETING_VERSION = 0.1.1;
					PRODUCT_BUNDLE_IDENTIFIER = "com.shsw228.vpn-mierukun";
					PRODUCT_NAME = "VPN-Mierukun";
					SDKROOT = macosx;
					VERSIONING_SYSTEM = "apple-generic";
				};
				name = Debug;
			};
		ED90CC6DCF63FE9B07BDBAEE /* Release */ = {
			isa = XCBuildConfiguration;
			buildSettings = {
				ALWAYS_SEARCH_USER_PATHS = NO;
				CLANG_ANALYZER_NONNULL = YES;
				CLANG_ANALYZER_NUMBER_OBJECT_CONVERSION = YES_AGGRESSIVE;
				CLANG_CXX_LANGUAGE_STANDARD = "gnu++14";
				CLANG_CXX_LIBRARY = "libc++";
				CLANG_ENABLE_MODULES = YES;
				CLANG_ENABLE_OBJC_ARC = YES;
				CLANG_ENABLE_OBJC_WEAK = YES;
				CLANG_WARN_BLOCK_CAPTURE_AUTORELEASING = YES;
				CLANG_WARN_BOOL_CONVERSION = YES;
				CLANG_WARN_COMMA = YES;
				CLANG_WARN_CONSTANT_CONVERSION = YES;
				CLANG_WARN_DEPRECATED_OBJC_IMPLEMENTATIONS = YES;
				CLANG_WARN_DIRECT_OBJC_ISA_USAGE = YES_ERROR;
				CLANG_WARN_DOCUMENTATION_COMMENTS = YES;
				CLANG_WARN_EMPTY_BODY = YES;
				CLANG_WARN_ENUM_CONVERSION = YES;
				CLANG_WARN_INFINITE_RECURSION = YES;
				CLANG_WARN_INT_CONVERSION = YES;
				CLANG_WARN_NON_LITERAL_NULL_CONVERSION = YES;
				CLANG_WARN_OBJC_IMPLICIT_RETAIN_SELF = YES;
				CLANG_WARN_OBJC_LITERAL_CONVERSION = YES;
				CLANG_WARN_OBJC_ROOT_CLASS = YES_ERROR;
				CLANG_WARN_QUOTED_INCLUDE_IN_FRAMEWORK_HEADER = YES;
				CLANG_WARN_RANGE_LOOP_ANALYSIS = YES;
				CLANG_WARN_STRICT_PROTOTYPES = YES;
				CLANG_WARN_SUSPICIOUS_MOVE = YES;
				CLANG_WARN_UNGUARDED_AVAILABILITY = YES_AGGRESSIVE;
				CLANG_WARN_UNREACHABLE_CODE = YES;
				CLANG_WARN__DUPLICATE_METHOD_MATCH = YES;
				COPY_PHASE_STRIP = NO;
				DEAD_CODE_STRIPPING = YES;
				DEBUG_INFORMATION_FORMAT = "dwarf-with-dsym";
				ENABLE_NS_ASSERTIONS = NO;
				ENABLE_STRICT_OBJC_MSGSEND = YES;
				ENABLE_USER_SCRIPT_SANDBOXING = YES;
				GCC_C_LANGUAGE_STANDARD = gnu11;
				GCC_NO_COMMON_BLOCKS = YES;
				GCC_WARN_64_TO_32_BIT_CONVERSION = YES;
				GCC_WARN_ABOUT_RETURN_TYPE = YES_ERROR;
				GCC_WARN_UNDECLARED_SELECTOR = YES;
				GCC_WARN_UNINITIALIZED_AUTOS = YES_AGGRESSIVE;
				GCC_WARN_UNUSED_FUNCTION = YES;
				GCC_WARN_UNUSED_VARIABLE = YES;
				MTL_ENABLE_DEBUG_INFO = NO;
				MTL_FAST_MATH = YES;
				PRODUCT_NAME = "$(TARGET_NAME)";
				SDKROOT = macosx;
				STRING_CATALOG_GENERATE_SYMBOLS = YES;
				SWIFT_COMPILATION_MODE = wholemodule;
				SWIFT_OPTIMIZATION_LEVEL = "-O";
				SWIFT_VERSION = 5.1;
			};
			name = Release;
		};
/* End XCBuildConfiguration section */

/* Begin XCConfigurationList section */
		17D69BD5DD9B2174D6872831 /* Build configuration list for PBXProject "VPN-Mierukun" */ = {
			isa = XCConfigurationList;
			buildConfigurations = (
				8AE2C7A1F5A69D49CB9E33E2 /* Debug */,
				ED90CC6DCF63FE9B07BDBAEE /* Release */,
			);
			defaultConfigurationIsVisible = 0;
			defaultConfigurationName = Debug;
		};
		E2D50E81CAA1CA68A0EB9986 /* Build configuration list for PBXNativeTarget "VPN-Mierukun" */ = {
			isa = XCConfigurationList;
			buildConfigurations = (
				C44EA92FF87F89FDB55EBF80 /* Debug */,
				A85CC0D119AFCCEE2D236432 /* Release */,
			);
			defaultConfigurationIsVisible = 0;
			defaultConfigurationName = Debug;
		};
/* End XCConfigurationList section */

/* Begin XCSwiftPackageProductDependency section */
		B7F002CB2F7A765600A9FD69 /* VPNMierukunFeature */ = {
			isa = XCSwiftPackageProductDependency;
			productName = VPNMierukunFeature;
		};
/* End XCSwiftPackageProductDependency section */
	};
	rootObject = F688698A06D1FB85B74BB248 /* Project object */;
}
